
Microsoft Visual Studio Solution File, Format Version 12.00
# Visual Studio 15
VisualStudioVersion = 15.0.28307.168
MinimumVisualStudioVersion = 10.0.40219.1
Project("{FAE04EC0-301F-11D3-BF4B-00C04F79EFBC}") = "ToBase64", "ToBase64\ToBase64.csproj", "{2C62AC58-539D-4A95-8E99-040F11697490}"
EndProject
Project("{FAE04EC0-301F-11D3-BF4B-00C04F79EFBC}") = "ShortGuid", "ShortGuid\ShortGuid.csproj", "{EA637B02-125A-4C12-A6D5-B154C67B7180}"
EndProject
Project("{8BC9CEB8-8B4A-11D0-8D11-00A0C91BC942}") = "IfcGuid", "IfcGuid\IfcGuid.vcxproj", "{11C80465-3A52-4129-88AB-41D99282862E}"
EndProject
Project("{FAE04EC0-301F-11D3-BF4B-00C04F79EFBC}") = "Test2", "Test2\Test2.csproj", "{1120B624-1F6C-4AC2-825C-FB3DDC7A6713}"
EndProject
Global
	GlobalSection(SolutionConfigurationPlatforms) = preSolution
		Debug|Any CPU = Debug|Any CPU
		Debug|Mixed Platforms = Debug|Mixed Platforms
		Debug|Win32 = Debug|Win32
		Release|Any CPU = Release|Any CPU
		Release|Mixed Platforms = Release|Mixed Platforms
		Release|Win32 = Release|Win32
	EndGlobalSection
	GlobalSection(ProjectConfigurationPlatforms) = postSolution
		{2C62AC58-539D-4A95-8E99-040F11697490}.Debug|Any CPU.ActiveCfg = Debug|Any CPU
		{2C62AC58-539D-4A95-8E99-040F11697490}.Debug|Any CPU.Build.0 = Debug|Any CPU
		{2C62AC58-539D-4A95-8E99-040F11697490}.Debug|Mixed Platforms.ActiveCfg = Debug|Any CPU
		{2C62AC58-539D-4A95-8E99-040F11697490}.Debug|Mixed Platforms.Build.0 = Debug|Any CPU
		{2C62AC58-539D-4A95-8E99-040F11697490}.Debug|Win32.ActiveCfg = Debug|Any CPU
		{2C62AC58-539D-4A95-8E99-040F11697490}.Release|Any CPU.ActiveCfg = Release|Any CPU
		{2C62AC58-539D-4A95-8E99-040F11697490}.Release|Any CPU.Build.0 = Release|Any CPU
		{2C62AC58-539D-4A95-8E99-040F11697490}.Release|Mixed Platforms.ActiveCfg = Release|Any CPU
		{2C62AC58-539D-4A95-8E99-040F11697490}.Release|Mixed Platforms.Build.0 = Release|Any CPU
		{2C62AC58-539D-4A95-8E99-040F11697490}.Release|Win32.ActiveCfg = Release|Any CPU
		{EA637B02-125A-4C12-A6D5-B154C67B7180}.Debug|Any CPU.ActiveCfg = Debug|Any CPU
		{EA637B02-125A-4C12-A6D5-B154C67B7180}.Debug|Any CPU.Build.0 = Debug|Any CPU
		{EA637B02-125A-4C12-A6D5-B154C67B7180}.Debug|Mixed Platforms.ActiveCfg = Debug|Any CPU
		{EA637B02-125A-4C12-A6D5-B154C67B7180}.Debug|Mixed Platforms.Build.0 = Debug|Any CPU
		{EA637B02-125A-4C12-A6D5-B154C67B7180}.Debug|Win32.ActiveCfg = Debug|Any CPU
		{EA637B02-125A-4C12-A6D5-B154C67B7180}.Release|Any CPU.ActiveCfg = Release|Any CPU
		{EA637B02-125A-4C12-A6D5-B154C67B7180}.Release|Any CPU.Build.0 = Release|Any CPU
		{EA637B02-125A-4C12-A6D5-B154C67B7180}.Release|Mixed Platforms.ActiveCfg = Release|Any CPU
		{EA637B02-125A-4C12-A6D5-B154C67B7180}.Release|Mixed Platforms.Build.0 = Release|Any CPU
		{EA637B02-125A-4C12-A6D5-B154C67B7180}.Release|Win32.ActiveCfg = Release|Any CPU
		{11C80465-3A52-4129-88AB-41D99282862E}.Debug|Any CPU.ActiveCfg = Debug|Win32
		{11C80465-3A52-4129-88AB-41D99282862E}.Debug|Mixed Platforms.ActiveCfg = Debug|Win32
		{11C80465-3A52-4129-88AB-41D99282862E}.Debug|Mixed Platforms.Build.0 = Debug|Win32
		{11C80465-3A52-4129-88AB-41D99282862E}.Debug|Win32.ActiveCfg = Debug|Win32
		{11C80465-3A52-4129-88AB-41D99282862E}.Debug|Win32.Build.0 = Debug|Win32
		{11C80465-3A52-4129-88AB-41D99282862E}.Release|Any CPU.ActiveCfg = Release|Win32
		{11C80465-3A52-4129-88AB-41D99282862E}.Release|Mixed Platforms.ActiveCfg = Release|Win32
		{11C80465-3A52-4129-88AB-41D99282862E}.Release|Mixed Platforms.Build.0 = Release|Win32
		{11C80465-3A52-4129-88AB-41D99282862E}.Release|Win32.ActiveCfg = Release|Win32
		{11C80465-3A52-4129-88AB-41D99282862E}.Release|Win32.Build.0 = Release|Win32
		{1120B624-1F6C-4AC2-825C-FB3DDC7A6713}.Debug|Any CPU.ActiveCfg = Debug|Any CPU
		{1120B624-1F6C-4AC2-825C-FB3DDC7A6713}.Debug|Any CPU.Build.0 = Debug|Any CPU
		{1120B624-1F6C-4AC2-825C-FB3DDC7A6713}.Debug|Mixed Platforms.ActiveCfg = Debug|Any CPU
		{1120B624-1F6C-4AC2-825C-FB3DDC7A6713}.Debug|Mixed Platforms.Build.0 = Debug|Any CPU
		{1120B624-1F6C-4AC2-825C-FB3DDC7A6713}.Debug|Win32.ActiveCfg = Debug|Any CPU
		{1120B624-1F6C-4AC2-825C-FB3DDC7A6713}.Debug|Win32.Build.0 = Debug|Any CPU
		{1120B624-1F6C-4AC2-825C-FB3DDC7A6713}.Release|Any CPU.ActiveCfg = Release|Any CPU
		{1120B624-1F6C-4AC2-825C-FB3DDC7A6713}.Release|Any CPU.Build.0 = Release|Any CPU
		{1120B624-1F6C-4AC2-825C-FB3DDC7A6713}.Release|Mixed Platforms.ActiveCfg = Release|Any CPU
		{1120B624-1F6C-4AC2-825C-FB3DDC7A6713}.Release|Mixed Platforms.Build.0 = Release|Any CPU
		{1120B624-1F6C-4AC2-825C-FB3DDC7A6713}.Release|Win32.ActiveCfg = Release|Any CPU
		{1120B624-1F6C-4AC2-825C-FB3DDC7A6713}.Release|Win32.Build.0 = Release|Any CPU
	EndGlobalSection
	GlobalSection(SolutionProperties) = preSolution
		HideSolutionNode = FALSE
	EndGlobalSection
	GlobalSection(ExtensibilityGlobals) = postSolution
		SolutionGuid = {F9800DB8-96B9-4B00-A82B-4EA9543920D2}
	EndGlobalSection
EndGlobal
